
Microsoft Visual Studio Solution File, Format Version 12.00
# Visual Studio Version 17
VisualStudioVersion = 17.4.33110.190
MinimumVisualStudioVersion = 10.0.40219.1
Project("{FAE04EC0-301F-11D3-BF4B-00C04F79EFBC}") = "ProjektProgramowanie2Dentysta", "ProjektProgramowanie2Dentysta\ProjektProgramowanie2Dentysta.csproj", "{1BE0C5B8-7CB2-4702-BAE9-F0890B7A02FC}"
EndProject
Project("{FAE04EC0-301F-11D3-BF4B-00C04F79EFBC}") = "projektProgramowanie_logowanie", "projektProgramowanie_logowanie\projektProgramowanie_logowanie.csproj", "{922AD4AC-D996-4FD4-B9E0-A66A205DFE54}"
EndProject
Project("{FAE04EC0-301F-11D3-BF4B-00C04F79EFBC}") = "ProjektProgramowanie_MainPage", "ProjektProgramowanie_MainPage\ProjektProgramowanie_MainPage.csproj", "{6217B36B-6DA8-42DC-B02A-A8546CA7BA26}"
EndProject
Global
	GlobalSection(SolutionConfigurationPlatforms) = preSolution
		Debug|Any CPU = Debug|Any CPU
		Release|Any CPU = Release|Any CPU
	EndGlobalSection
	GlobalSection(ProjectConfigurationPlatforms) = postSolution
		{1BE0C5B8-7CB2-4702-BAE9-F0890B7A02FC}.Debug|Any CPU.ActiveCfg = Debug|Any CPU
		{1BE0C5B8-7CB2-4702-BAE9-F0890B7A02FC}.Debug|Any CPU.Build.0 = Debug|Any CPU
		{1BE0C5B8-7CB2-4702-BAE9-F0890B7A02FC}.Release|Any CPU.ActiveCfg = Release|Any CPU
		{1BE0C5B8-7CB2-4702-BAE9-F0890B7A02FC}.Release|Any CPU.Build.0 = Release|Any CPU
		{922AD4AC-D996-4FD4-B9E0-A66A205DFE54}.Debug|Any CPU.ActiveCfg = Debug|Any CPU
		{922AD4AC-D996-4FD4-B9E0-A66A205DFE54}.Debug|Any CPU.Build.0 = Debug|Any CPU
		{922AD4AC-D996-4FD4-B9E0-A66A205DFE54}.Release|Any CPU.ActiveCfg = Release|Any CPU
		{922AD4AC-D996-4FD4-B9E0-A66A205DFE54}.Release|Any CPU.Build.0 = Release|Any CPU
		{6217B36B-6DA8-42DC-B02A-A8546CA7BA26}.Debug|Any CPU.ActiveCfg = Debug|Any CPU
		{6217B36B-6DA8-42DC-B02A-A8546CA7BA26}.Debug|Any CPU.Build.0 = Debug|Any CPU
		{6217B36B-6DA8-42DC-B02A-A8546CA7BA26}.Release|Any CPU.ActiveCfg = Release|Any CPU
		{6217B36B-6DA8-42DC-B02A-A8546CA7BA26}.Release|Any CPU.Build.0 = Release|Any CPU
	EndGlobalSection
	GlobalSection(SolutionProperties) = preSolution
		HideSolutionNode = FALSE
	EndGlobalSection
	GlobalSection(ExtensibilityGlobals) = postSolution
		SolutionGuid = {B3AA47BE-D725-4CCC-8666-A740DEAC6079}
	EndGlobalSection
EndGlobal
